
Microsoft Visual Studio Solution File, Format Version 11.00
# Visual Studio 2010
Project("{FAE04EC0-301F-11D3-BF4B-00C04F79EFBC}") = "BackInTime", "BackInTime\BackInTime.csproj", "{EFF9F26C-EF24-4D18-8AF2-5D52AF8021BB}"
EndProject
Global
	GlobalSection(SolutionConfigurationPlatforms) = preSolution
		Debug|x86 = Debug|x86
		Release|x86 = Release|x86
	EndGlobalSection
	GlobalSection(ProjectConfigurationPlatforms) = postSolution
		{EFF9F26C-EF24-4D18-8AF2-5D52AF8021BB}.Debug|x86.ActiveCfg = Debug|x86
		{EFF9F26C-EF24-4D18-8AF2-5D52AF8021BB}.Debug|x86.Build.0 = Debug|x86
		{EFF9F26C-EF24-4D18-8AF2-5D52AF8021BB}.Release|x86.ActiveCfg = Release|x86
		{EFF9F26C-EF24-4D18-8AF2-5D52AF8021BB}.Release|x86.Build.0 = Release|x86
	EndGlobalSection
	GlobalSection(SolutionProperties) = preSolution
		HideSolutionNode = FALSE
	EndGlobalSection
EndGlobal
